
Microsoft Visual Studio Solution File, Format Version 12.00
# Visual Studio Version 17
VisualStudioVersion = 17.11.35327.3
MinimumVisualStudioVersion = 10.0.40219.1
Project("{8BC9CEB8-8B4A-11D0-8D11-00A0C91BC942}") = "Tugas4HadhyanSultan", "Tugas4HadhyanSultan\Tugas4HadhyanSultan.vcxproj", "{4D517073-D05C-4616-B44B-3647065D827E}"
EndProject
Global
	GlobalSection(SolutionConfigurationPlatforms) = preSolution
		Debug|x64 = Debug|x64
		Debug|x86 = Debug|x86
		Release|x64 = Release|x64
		Release|x86 = Release|x86
	EndGlobalSection
	GlobalSection(ProjectConfigurationPlatforms) = postSolution
		{4D517073-D05C-4616-B44B-3647065D827E}.Debug|x64.ActiveCfg = Debug|x64
		{4D517073-D05C-4616-B44B-3647065D827E}.Debug|x64.Build.0 = Debug|x64
		{4D517073-D05C-4616-B44B-3647065D827E}.Debug|x86.ActiveCfg = Debug|Win32
		{4D517073-D05C-4616-B44B-3647065D827E}.Debug|x86.Build.0 = Debug|Win32
		{4D517073-D05C-4616-B44B-3647065D827E}.Release|x64.ActiveCfg = Release|x64
		{4D517073-D05C-4616-B44B-3647065D827E}.Release|x64.Build.0 = Release|x64
		{4D517073-D05C-4616-B44B-3647065D827E}.Release|x86.ActiveCfg = Release|Win32
		{4D517073-D05C-4616-B44B-3647065D827E}.Release|x86.Build.0 = Release|Win32
	EndGlobalSection
	GlobalSection(SolutionProperties) = preSolution
		HideSolutionNode = FALSE
	EndGlobalSection
	GlobalSection(ExtensibilityGlobals) = postSolution
		SolutionGuid = {147577B4-6AF9-41EF-9B9A-C1D97D43C2CE}
	EndGlobalSection
EndGlobal
